
Microsoft Visual Studio Solution File, Format Version 12.00
# Visual Studio Version 16
VisualStudioVersion = 16.0.29209.62
MinimumVisualStudioVersion = 10.0.40219.1
Project("{2150E333-8FDC-42A3-9474-1A3956D46DE8}") = "Library", "Library", "{E33462D4-0904-47C7-87F0-478E667C5AD2}"
EndProject
Project("{2150E333-8FDC-42A3-9474-1A3956D46DE8}") = "Tests", "Tests", "{40479736-DBBF-4F08-8AD7-A16E0BFC2484}"
EndProject
Project("{2150E333-8FDC-42A3-9474-1A3956D46DE8}") = "Unit", "Unit", "{65C664EF-9824-4FDB-A593-8906EFD1FFDC}"
EndProject
Project("{FAE04EC0-301F-11D3-BF4B-00C04F79EFBC}") = "DSFrameworkCore", "src\DSFrameworkCore\DSFrameworkCore.csproj", "{5EEEF363-2DB7-4ECC-BF73-01CEEEB16DED}"
EndProject
Project("{9A19103F-16F7-4668-BE54-9A1E7A4F7556}") = "DSFrameworkCore.Logging", "src\DSFrameworkCore.Logging\DSFrameworkCore.Logging.csproj", "{5D9939CE-E0DA-40E2-BED2-4BE577BBD974}"
EndProject
Project("{9A19103F-16F7-4668-BE54-9A1E7A4F7556}") = "DSFrameworkCore.Logging.Serilog", "src\DSFrameworkCore.Logging.Serilog\DSFrameworkCore.Logging.Serilog.csproj", "{0350B574-2387-472E-8C6C-80A2EEA71FC8}"
EndProject
Project("{9A19103F-16F7-4668-BE54-9A1E7A4F7556}") = "DSFrameworkCore.Domain.Abstractions", "src\DSFrameworkCore.Domain.Abstractions\DSFrameworkCore.Domain.Abstractions.csproj", "{C1FA9E24-7E38-4C3C-BE1F-85CCE7590C08}"
EndProject
Project("{9A19103F-16F7-4668-BE54-9A1E7A4F7556}") = "DSFrameworkCore.Serilog.Sink.MongoDB", "src\DSFrameworkCore.Serilog.Sink.MongoDB\DSFrameworkCore.Serilog.Sink.MongoDB.csproj", "{F7686E4A-53B8-441F-B5E1-F1640325707B}"
EndProject
Global
	GlobalSection(SolutionConfigurationPlatforms) = preSolution
		Debug|Any CPU = Debug|Any CPU
		Release|Any CPU = Release|Any CPU
	EndGlobalSection
	GlobalSection(ProjectConfigurationPlatforms) = postSolution
		{5EEEF363-2DB7-4ECC-BF73-01CEEEB16DED}.Debug|Any CPU.ActiveCfg = Debug|Any CPU
		{5EEEF363-2DB7-4ECC-BF73-01CEEEB16DED}.Debug|Any CPU.Build.0 = Debug|Any CPU
		{5EEEF363-2DB7-4ECC-BF73-01CEEEB16DED}.Release|Any CPU.ActiveCfg = Release|Any CPU
		{5EEEF363-2DB7-4ECC-BF73-01CEEEB16DED}.Release|Any CPU.Build.0 = Release|Any CPU
		{5D9939CE-E0DA-40E2-BED2-4BE577BBD974}.Debug|Any CPU.ActiveCfg = Debug|Any CPU
		{5D9939CE-E0DA-40E2-BED2-4BE577BBD974}.Debug|Any CPU.Build.0 = Debug|Any CPU
		{5D9939CE-E0DA-40E2-BED2-4BE577BBD974}.Release|Any CPU.ActiveCfg = Release|Any CPU
		{5D9939CE-E0DA-40E2-BED2-4BE577BBD974}.Release|Any CPU.Build.0 = Release|Any CPU
		{0350B574-2387-472E-8C6C-80A2EEA71FC8}.Debug|Any CPU.ActiveCfg = Debug|Any CPU
		{0350B574-2387-472E-8C6C-80A2EEA71FC8}.Debug|Any CPU.Build.0 = Debug|Any CPU
		{0350B574-2387-472E-8C6C-80A2EEA71FC8}.Release|Any CPU.ActiveCfg = Release|Any CPU
		{0350B574-2387-472E-8C6C-80A2EEA71FC8}.Release|Any CPU.Build.0 = Release|Any CPU
		{C1FA9E24-7E38-4C3C-BE1F-85CCE7590C08}.Debug|Any CPU.ActiveCfg = Debug|Any CPU
		{C1FA9E24-7E38-4C3C-BE1F-85CCE7590C08}.Debug|Any CPU.Build.0 = Debug|Any CPU
		{C1FA9E24-7E38-4C3C-BE1F-85CCE7590C08}.Release|Any CPU.ActiveCfg = Release|Any CPU
		{C1FA9E24-7E38-4C3C-BE1F-85CCE7590C08}.Release|Any CPU.Build.0 = Release|Any CPU
		{F7686E4A-53B8-441F-B5E1-F1640325707B}.Debug|Any CPU.ActiveCfg = Debug|Any CPU
		{F7686E4A-53B8-441F-B5E1-F1640325707B}.Debug|Any CPU.Build.0 = Debug|Any CPU
		{F7686E4A-53B8-441F-B5E1-F1640325707B}.Release|Any CPU.ActiveCfg = Release|Any CPU
		{F7686E4A-53B8-441F-B5E1-F1640325707B}.Release|Any CPU.Build.0 = Release|Any CPU
	EndGlobalSection
	GlobalSection(SolutionProperties) = preSolution
		HideSolutionNode = FALSE
	EndGlobalSection
	GlobalSection(NestedProjects) = preSolution
		{65C664EF-9824-4FDB-A593-8906EFD1FFDC} = {40479736-DBBF-4F08-8AD7-A16E0BFC2484}
		{5EEEF363-2DB7-4ECC-BF73-01CEEEB16DED} = {E33462D4-0904-47C7-87F0-478E667C5AD2}
		{5D9939CE-E0DA-40E2-BED2-4BE577BBD974} = {E33462D4-0904-47C7-87F0-478E667C5AD2}
		{0350B574-2387-472E-8C6C-80A2EEA71FC8} = {E33462D4-0904-47C7-87F0-478E667C5AD2}
		{C1FA9E24-7E38-4C3C-BE1F-85CCE7590C08} = {E33462D4-0904-47C7-87F0-478E667C5AD2}
		{F7686E4A-53B8-441F-B5E1-F1640325707B} = {E33462D4-0904-47C7-87F0-478E667C5AD2}
	EndGlobalSection
	GlobalSection(ExtensibilityGlobals) = postSolution
		SolutionGuid = {8B08B674-74F0-419F-806F-828AA4897CD3}
	EndGlobalSection
EndGlobal
