
Microsoft Visual Studio Solution File, Format Version 12.00
# Visual Studio Version 16
VisualStudioVersion = 16.0.29209.62
MinimumVisualStudioVersion = 10.0.40219.1
Project("{2150E333-8FDC-42A3-9474-1A3956D46DE8}") = "Library", "Library", "{E33462D4-0904-47C7-87F0-478E667C5AD2}"
EndProject
Project("{2150E333-8FDC-42A3-9474-1A3956D46DE8}") = "Tests", "Tests", "{40479736-DBBF-4F08-8AD7-A16E0BFC2484}"
EndProject
Project("{2150E333-8FDC-42A3-9474-1A3956D46DE8}") = "Unit", "Unit", "{65C664EF-9824-4FDB-A593-8906EFD1FFDC}"
EndProject
Project("{9A19103F-16F7-4668-BE54-9A1E7A4F7556}") = "DSFramework", "src\DSFramework\DSFramework.csproj", "{D5A1FDAC-09EE-4517-A565-211BA082A334}"
EndProject
Project("{9A19103F-16F7-4668-BE54-9A1E7A4F7556}") = "DSFramework.Domain.Abstractions", "src\DSFramework.Domain.Abstractions\DSFramework.Domain.Abstractions.csproj", "{861F660A-CC2D-479B-81EE-68670EFF8DB3}"
EndProject
Project("{9A19103F-16F7-4668-BE54-9A1E7A4F7556}") = "DSFramework.Logging", "src\DSFramework.Logging\DSFramework.Logging.csproj", "{B6A6884E-77A4-44F0-88A1-DFEBEBE20B55}"
EndProject
Project("{9A19103F-16F7-4668-BE54-9A1E7A4F7556}") = "DSFramework.Logging.Serilog", "src\DSFramework.Logging.Serilog\DSFramework.Logging.Serilog.csproj", "{D35DB7BA-E12C-44DA-947C-A6FA9E32BDA4}"
EndProject
Project("{9A19103F-16F7-4668-BE54-9A1E7A4F7556}") = "DSFramework.Serilog.Sink.MongoDB", "src\DSFramework.Serilog.Sink.MongoDB\DSFramework.Serilog.Sink.MongoDB.csproj", "{F54BF315-2825-40FD-96E0-21767B6D15D5}"
EndProject
Project("{FAE04EC0-301F-11D3-BF4B-00C04F79EFBC}") = "DSFramework.Authorization", "src\DSFramework.Authorization\DSFramework.Authorization.csproj", "{A3D9DD2F-308E-404D-838A-BB30DB6BA812}"
EndProject
Project("{9A19103F-16F7-4668-BE54-9A1E7A4F7556}") = "DSFramework.MultiTenancy", "src\DSFramework.MultiTenancy\DSFramework.MultiTenancy.csproj", "{979253DA-5365-4A00-A095-204979ADB8E2}"
EndProject
Project("{FAE04EC0-301F-11D3-BF4B-00C04F79EFBC}") = "DSFramework.Dependency", "src\DSFramework.Dependecy\DSFramework.Dependency.csproj", "{90D5A8BE-709F-4FB2-950B-F920E7AF9F02}"
EndProject
Global
	GlobalSection(SolutionConfigurationPlatforms) = preSolution
		Debug|Any CPU = Debug|Any CPU
		Release|Any CPU = Release|Any CPU
	EndGlobalSection
	GlobalSection(ProjectConfigurationPlatforms) = postSolution
		{D5A1FDAC-09EE-4517-A565-211BA082A334}.Debug|Any CPU.ActiveCfg = Debug|Any CPU
		{D5A1FDAC-09EE-4517-A565-211BA082A334}.Debug|Any CPU.Build.0 = Debug|Any CPU
		{D5A1FDAC-09EE-4517-A565-211BA082A334}.Release|Any CPU.ActiveCfg = Release|Any CPU
		{D5A1FDAC-09EE-4517-A565-211BA082A334}.Release|Any CPU.Build.0 = Release|Any CPU
		{861F660A-CC2D-479B-81EE-68670EFF8DB3}.Debug|Any CPU.ActiveCfg = Debug|Any CPU
		{861F660A-CC2D-479B-81EE-68670EFF8DB3}.Debug|Any CPU.Build.0 = Debug|Any CPU
		{861F660A-CC2D-479B-81EE-68670EFF8DB3}.Release|Any CPU.ActiveCfg = Release|Any CPU
		{861F660A-CC2D-479B-81EE-68670EFF8DB3}.Release|Any CPU.Build.0 = Release|Any CPU
		{B6A6884E-77A4-44F0-88A1-DFEBEBE20B55}.Debug|Any CPU.ActiveCfg = Debug|Any CPU
		{B6A6884E-77A4-44F0-88A1-DFEBEBE20B55}.Debug|Any CPU.Build.0 = Debug|Any CPU
		{B6A6884E-77A4-44F0-88A1-DFEBEBE20B55}.Release|Any CPU.ActiveCfg = Release|Any CPU
		{B6A6884E-77A4-44F0-88A1-DFEBEBE20B55}.Release|Any CPU.Build.0 = Release|Any CPU
		{D35DB7BA-E12C-44DA-947C-A6FA9E32BDA4}.Debug|Any CPU.ActiveCfg = Debug|Any CPU
		{D35DB7BA-E12C-44DA-947C-A6FA9E32BDA4}.Debug|Any CPU.Build.0 = Debug|Any CPU
		{D35DB7BA-E12C-44DA-947C-A6FA9E32BDA4}.Release|Any CPU.ActiveCfg = Release|Any CPU
		{D35DB7BA-E12C-44DA-947C-A6FA9E32BDA4}.Release|Any CPU.Build.0 = Release|Any CPU
		{F54BF315-2825-40FD-96E0-21767B6D15D5}.Debug|Any CPU.ActiveCfg = Debug|Any CPU
		{F54BF315-2825-40FD-96E0-21767B6D15D5}.Debug|Any CPU.Build.0 = Debug|Any CPU
		{F54BF315-2825-40FD-96E0-21767B6D15D5}.Release|Any CPU.ActiveCfg = Release|Any CPU
		{F54BF315-2825-40FD-96E0-21767B6D15D5}.Release|Any CPU.Build.0 = Release|Any CPU
		{A3D9DD2F-308E-404D-838A-BB30DB6BA812}.Debug|Any CPU.ActiveCfg = Debug|Any CPU
		{A3D9DD2F-308E-404D-838A-BB30DB6BA812}.Debug|Any CPU.Build.0 = Debug|Any CPU
		{A3D9DD2F-308E-404D-838A-BB30DB6BA812}.Release|Any CPU.ActiveCfg = Release|Any CPU
		{A3D9DD2F-308E-404D-838A-BB30DB6BA812}.Release|Any CPU.Build.0 = Release|Any CPU
		{979253DA-5365-4A00-A095-204979ADB8E2}.Debug|Any CPU.ActiveCfg = Debug|Any CPU
		{979253DA-5365-4A00-A095-204979ADB8E2}.Debug|Any CPU.Build.0 = Debug|Any CPU
		{979253DA-5365-4A00-A095-204979ADB8E2}.Release|Any CPU.ActiveCfg = Release|Any CPU
		{979253DA-5365-4A00-A095-204979ADB8E2}.Release|Any CPU.Build.0 = Release|Any CPU
		{90D5A8BE-709F-4FB2-950B-F920E7AF9F02}.Debug|Any CPU.ActiveCfg = Debug|Any CPU
		{90D5A8BE-709F-4FB2-950B-F920E7AF9F02}.Debug|Any CPU.Build.0 = Debug|Any CPU
		{90D5A8BE-709F-4FB2-950B-F920E7AF9F02}.Release|Any CPU.ActiveCfg = Release|Any CPU
		{90D5A8BE-709F-4FB2-950B-F920E7AF9F02}.Release|Any CPU.Build.0 = Release|Any CPU
	EndGlobalSection
	GlobalSection(SolutionProperties) = preSolution
		HideSolutionNode = FALSE
	EndGlobalSection
	GlobalSection(NestedProjects) = preSolution
		{65C664EF-9824-4FDB-A593-8906EFD1FFDC} = {40479736-DBBF-4F08-8AD7-A16E0BFC2484}
		{D5A1FDAC-09EE-4517-A565-211BA082A334} = {E33462D4-0904-47C7-87F0-478E667C5AD2}
		{861F660A-CC2D-479B-81EE-68670EFF8DB3} = {E33462D4-0904-47C7-87F0-478E667C5AD2}
		{B6A6884E-77A4-44F0-88A1-DFEBEBE20B55} = {E33462D4-0904-47C7-87F0-478E667C5AD2}
		{D35DB7BA-E12C-44DA-947C-A6FA9E32BDA4} = {E33462D4-0904-47C7-87F0-478E667C5AD2}
		{F54BF315-2825-40FD-96E0-21767B6D15D5} = {E33462D4-0904-47C7-87F0-478E667C5AD2}
		{A3D9DD2F-308E-404D-838A-BB30DB6BA812} = {E33462D4-0904-47C7-87F0-478E667C5AD2}
		{979253DA-5365-4A00-A095-204979ADB8E2} = {E33462D4-0904-47C7-87F0-478E667C5AD2}
		{90D5A8BE-709F-4FB2-950B-F920E7AF9F02} = {E33462D4-0904-47C7-87F0-478E667C5AD2}
	EndGlobalSection
	GlobalSection(ExtensibilityGlobals) = postSolution
		SolutionGuid = {8B08B674-74F0-419F-806F-828AA4897CD3}
	EndGlobalSection
EndGlobal
